// !$*UTF8*$!
{
	archiveVersion = 1;
	classes = {
	};
	objectVersion = 46;
	objects = {

/* Begin PBXBuildFile section */
		0EA01B93310BACE1A0E22F8C /* Pods_Tumblr.framework in Frameworks */ = {isa = PBXBuildFile; fileRef = 800870022036606F605820D0 /* Pods_Tumblr.framework */; };
		BF8D8D241DAB83EE00D0C9D3 /* photoTableViewCell.swift in Sources */ = {isa = PBXBuildFile; fileRef = BF8D8D231DAB83EE00D0C9D3 /* photoTableViewCell.swift */; };
		BF8D8D281DB207FA00D0C9D3 /* photoDetailsViewController.swift in Sources */ = {isa = PBXBuildFile; fileRef = BF8D8D271DB207FA00D0C9D3 /* photoDetailsViewController.swift */; };
		BFA590DD1DAB5C3000D1A280 /* AppDelegate.swift in Sources */ = {isa = PBXBuildFile; fileRef = BFA590DC1DAB5C3000D1A280 /* AppDelegate.swift */; };
		BFA590DF1DAB5C3000D1A280 /* PhotosViewController.swift in Sources */ = {isa = PBXBuildFile; fileRef = BFA590DE1DAB5C3000D1A280 /* PhotosViewController.swift */; };
		BFA590E21DAB5C3000D1A280 /* Main.storyboard in Resources */ = {isa = PBXBuildFile; fileRef = BFA590E01DAB5C3000D1A280 /* Main.storyboard */; };
		BFA590E41DAB5C3000D1A280 /* Assets.xcassets in Resources */ = {isa = PBXBuildFile; fileRef = BFA590E31DAB5C3000D1A280 /* Assets.xcassets */; };
		BFA590E71DAB5C3000D1A280 /* LaunchScreen.storyboard in Resources */ = {isa = PBXBuildFile; fileRef = BFA590E51DAB5C3000D1A280 /* LaunchScreen.storyboard */; };
/* End PBXBuildFile section */

/* Begin PBXFileReference section */
		243E293776C4600F59FD4DEE /* Pods-Tumblr.debug.xcconfig */ = {isa = PBXFileReference; includeInIndex = 1; lastKnownFileType = text.xcconfig; name = "Pods-Tumblr.debug.xcconfig"; path = "Pods/Target Support Files/Pods-Tumblr/Pods-Tumblr.debug.xcconfig"; sourceTree = "<group>"; };
		800870022036606F605820D0 /* Pods_Tumblr.framework */ = {isa = PBXFileReference; explicitFileType = wrapper.framework; includeInIndex = 0; path = Pods_Tumblr.framework; sourceTree = BUILT_PRODUCTS_DIR; };
		BF8D8D231DAB83EE00D0C9D3 /* photoTableViewCell.swift */ = {isa = PBXFileReference; fileEncoding = 4; lastKnownFileType = sourcecode.swift; path = photoTableViewCell.swift; sourceTree = "<group>"; };
		BF8D8D271DB207FA00D0C9D3 /* photoDetailsViewController.swift */ = {isa = PBXFileReference; fileEncoding = 4; lastKnownFileType = sourcecode.swift; path = photoDetailsViewController.swift; sourceTree = "<group>"; };
		BFA590D91DAB5C3000D1A280 /* Tumblr.app */ = {isa = PBXFileReference; explicitFileType = wrapper.application; includeInIndex = 0; path = Tumblr.app; sourceTree = BUILT_PRODUCTS_DIR; };
		BFA590DC1DAB5C3000D1A280 /* AppDelegate.swift */ = {isa = PBXFileReference; lastKnownFileType = sourcecode.swift; path = AppDelegate.swift; sourceTree = "<group>"; };
		BFA590DE1DAB5C3000D1A280 /* PhotosViewController.swift */ = {isa = PBXFileReference; lastKnownFileType = sourcecode.swift; path = PhotosViewController.swift; sourceTree = "<group>"; };
		BFA590E11DAB5C3000D1A280 /* Base */ = {isa = PBXFileReference; lastKnownFileType = file.storyboard; name = Base; path = Base.lproj/Main.storyboard; sourceTree = "<group>"; };
		BFA590E31DAB5C3000D1A280 /* Assets.xcassets */ = {isa = PBXFileReference; lastKnownFileType = folder.assetcatalog; path = Assets.xcassets; sourceTree = "<group>"; };
		BFA590E61DAB5C3000D1A280 /* Base */ = {isa = PBXFileReference; lastKnownFileType = file.storyboard; name = Base; path = Base.lproj/LaunchScreen.storyboard; sourceTree = "<group>"; };
		BFA590E81DAB5C3000D1A280 /* Info.plist */ = {isa = PBXFileReference; lastKnownFileType = text.plist.xml; path = Info.plist; sourceTree = "<group>"; };
		C2ADF5125768C3F2B5C223F4 /* Pods-Tumblr.release.xcconfig */ = {isa = PBXFileReference; includeInIndex = 1; lastKnownFileType = text.xcconfig; name = "Pods-Tumblr.release.xcconfig"; path = "Pods/Target Support Files/Pods-Tumblr/Pods-Tumblr.release.xcconfig"; sourceTree = "<group>"; };
/* End PBXFileReference section */

/* Begin PBXFrameworksBuildPhase section */
		BFA590D61DAB5C3000D1A280 /* Frameworks */ = {
			isa = PBXFrameworksBuildPhase;
			buildActionMask = 2147483647;
			files = (
				0EA01B93310BACE1A0E22F8C /* Pods_Tumblr.framework in Frameworks */,
			);
			runOnlyForDeploymentPostprocessing = 0;
		};
/* End PBXFrameworksBuildPhase section */

/* Begin PBXGroup section */
		0D9EDC4DBCD2E34B55EB7E6F /* Pods */ = {
			isa = PBXGroup;
			children = (
				243E293776C4600F59FD4DEE /* Pods-Tumblr.debug.xcconfig */,
				C2ADF5125768C3F2B5C223F4 /* Pods-Tumblr.release.xcconfig */,
			);
			name = Pods;
			sourceTree = "<group>";
		};
		AB5A853D6893B360F332EAD3 /* Frameworks */ = {
			isa = PBXGroup;
			children = (
				800870022036606F605820D0 /* Pods_Tumblr.framework */,
			);
			name = Frameworks;
			sourceTree = "<group>";
		};
		BFA590D01DAB5C3000D1A280 = {
			isa = PBXGroup;
			children = (
				BFA590DB1DAB5C3000D1A280 /* Tumblr */,
				BFA590DA1DAB5C3000D1A280 /* Products */,
				0D9EDC4DBCD2E34B55EB7E6F /* Pods */,
				AB5A853D6893B360F332EAD3 /* Frameworks */,
			);
			sourceTree = "<group>";
		};
		BFA590DA1DAB5C3000D1A280 /* Products */ = {
			isa = PBXGroup;
			children = (
				BFA590D91DAB5C3000D1A280 /* Tumblr.app */,
			);
			name = Products;
			sourceTree = "<group>";
		};
		BFA590DB1DAB5C3000D1A280 /* Tumblr */ = {
			isa = PBXGroup;
			children = (
				BFA590DC1DAB5C3000D1A280 /* AppDelegate.swift */,
				BFA590DE1DAB5C3000D1A280 /* PhotosViewController.swift */,
				BFA590E01DAB5C3000D1A280 /* Main.storyboard */,
				BF8D8D271DB207FA00D0C9D3 /* photoDetailsViewController.swift */,
				BF8D8D231DAB83EE00D0C9D3 /* photoTableViewCell.swift */,
				BFA590E31DAB5C3000D1A280 /* Assets.xcassets */,
				BFA590E51DAB5C3000D1A280 /* LaunchScreen.storyboard */,
				BFA590E81DAB5C3000D1A280 /* Info.plist */,
			);
			path = Tumblr;
			sourceTree = "<group>";
		};
/* End PBXGroup section */

/* Begin PBXNativeTarget section */
		BFA590D81DAB5C3000D1A280 /* Tumblr */ = {
			isa = PBXNativeTarget;
			buildConfigurationList = BFA590EB1DAB5C3000D1A280 /* Build configuration list for PBXNativeTarget "Tumblr" */;
			buildPhases = (
				E4A489F8893CBBBEFDC71D77 /* [CP] Check Pods Manifest.lock */,
				BFA590D51DAB5C3000D1A280 /* Sources */,
				BFA590D61DAB5C3000D1A280 /* Frameworks */,
				BFA590D71DAB5C3000D1A280 /* Resources */,
				65945CF7D93CB60C7A5EAE59 /* [CP] Embed Pods Frameworks */,
				E8CC6A812D73A7B874DCFD14 /* [CP] Copy Pods Resources */,
			);
			buildRules = (
			);
			dependencies = (
			);
			name = Tumblr;
			productName = Tumblr;
			productReference = BFA590D91DAB5C3000D1A280 /* Tumblr.app */;
			productType = "com.apple.product-type.application";
		};
/* End PBXNativeTarget section */

/* Begin PBXProject section */
		BFA590D11DAB5C3000D1A280 /* Project object */ = {
			isa = PBXProject;
			attributes = {
				LastSwiftUpdateCheck = 0800;
				LastUpgradeCheck = 0800;
				ORGANIZATIONNAME = "Lu Ao";
				TargetAttributes = {
					BFA590D81DAB5C3000D1A280 = {
						CreatedOnToolsVersion = 8.0;
						DevelopmentTeam = JC68KFVHSJ;
						ProvisioningStyle = Automatic;
					};
				};
			};
			buildConfigurationList = BFA590D41DAB5C3000D1A280 /* Build configuration list for PBXProject "Tumblr" */;
			compatibilityVersion = "Xcode 3.2";
			developmentRegion = English;
			hasScannedForEncodings = 0;
			knownRegions = (
				en,
				Base,
			);
			mainGroup = BFA590D01DAB5C3000D1A280;
			productRefGroup = BFA590DA1DAB5C3000D1A280 /* Products */;
			projectDirPath = "";
			projectRoot = "";
			targets = (
				BFA590D81DAB5C3000D1A280 /* Tumblr */,
			);
		};
/* End PBXProject section */

/* Begin PBXResourcesBuildPhase section */
		BFA590D71DAB5C3000D1A280 /* Resources */ = {
			isa = PBXResourcesBuildPhase;
			buildActionMask = 2147483647;
			files = (
				BFA590E71DAB5C3000D1A280 /* LaunchScreen.storyboard in Resources */,
				BFA590E41DAB5C3000D1A280 /* Assets.xcassets in Resources */,
				BFA590E21DAB5C3000D1A280 /* Main.storyboard in Resources */,
			);
			runOnlyForDeploymentPostprocessing = 0;
		};
/* End PBXResourcesBuildPhase section */

/* Begin PBXShellScriptBuildPhase section */
		65945CF7D93CB60C7A5EAE59 /* [CP] Embed Pods Frameworks */ = {
			isa = PBXShellScriptBuildPhase;
			buildActionMask = 2147483647;
			files = (
			);
			inputPaths = (
			);
			name = "[CP] Embed Pods Frameworks";
			outputPaths = (
			);
			runOnlyForDeploymentPostprocessing = 0;
			shellPath = /bin/sh;
			shellScript = "\"${SRCROOT}/Pods/Target Support Files/Pods-Tumblr/Pods-Tumblr-frameworks.sh\"\n";
			showEnvVarsInLog = 0;
		};
		E4A489F8893CBBBEFDC71D77 /* [CP] Check Pods Manifest.lock */ = {
			isa = PBXShellScriptBuildPhase;
			buildActionMask = 2147483647;
			files = (
			);
			inputPaths = (
			);
			name = "[CP] Check Pods Manifest.lock";
			outputPaths = (
			);
			runOnlyForDeploymentPostprocessing = 0;
			shellPath = /bin/sh;
			shellScript = "diff \"${PODS_ROOT}/../Podfile.lock\" \"${PODS_ROOT}/Manifest.lock\" > /dev/null\nif [[ $? != 0 ]] ; then\n    cat << EOM\nerror: The sandbox is not in sync with the Podfile.lock. Run 'pod install' or update your CocoaPods installation.\nEOM\n    exit 1\nfi\n";
			showEnvVarsInLog = 0;
		};
		E8CC6A812D73A7B874DCFD14 /* [CP] Copy Pods Resources */ = {
			isa = PBXShellScriptBuildPhase;
			buildActionMask = 2147483647;
			files = (
			);
			inputPaths = (
			);
			name = "[CP] Copy Pods Resources";
			outputPaths = (
			);
			runOnlyForDeploymentPostprocessing = 0;
			shellPath = /bin/sh;
			shellScript = "\"${SRCROOT}/Pods/Target Support Files/Pods-Tumblr/Pods-Tumblr-resources.sh\"\n";
			showEnvVarsInLog = 0;
		};
/* End PBXShellScriptBuildPhase section */

/* Begin PBXSourcesBuildPhase section */
		BFA590D51DAB5C3000D1A280 /* Sources */ = {
			isa = PBXSourcesBuildPhase;
			buildActionMask = 2147483647;
			files = (
				BF8D8D281DB207FA00D0C9D3 /* photoDetailsViewController.swift in Sources */,
				BF8D8D241DAB83EE00D0C9D3 /* photoTableViewCell.swift in Sources */,
				BFA590DF1DAB5C3000D1A280 /* PhotosViewController.swift in Sources */,
				BFA590DD1DAB5C3000D1A280 /* AppDelegate.swift in Sources */,
			);
			runOnlyForDeploymentPostprocessing = 0;
		};
/* End PBXSourcesBuildPhase section */

/* Begin PBXVariantGroup section */
		BFA590E01DAB5C3000D1A280 /* Main.storyboard */ = {
			isa = PBXVariantGroup;
			children = (
				BFA590E11DAB5C3000D1A280 /* Base */,
			);
			name = Main.storyboard;
			sourceTree = "<group>";
		};
		BFA590E51DAB5C3000D1A280 /* LaunchScreen.storyboard */ = {
			isa = PBXVariantGroup;
			children = (
				BFA590E61DAB5C3000D1A280 /* Base */,
			);
			name = LaunchScreen.storyboard;
			sourceTree = "<group>";
		};
/* End PBXVariantGroup section */

/* Begin XCBuildConfiguration section */
		BFA590E91DAB5C3000D1A280 /* Debug */ = {
			isa = XCBuildConfiguration;
			buildSettings = {
				ALWAYS_SEARCH_USER_PATHS = NO;
				CLANG_ANALYZER_NONNULL = YES;
				CLANG_CXX_LANGUAGE_STANDARD = "gnu++0x";
				CLANG_CXX_LIBRARY = "libc++";
				CLANG_ENABLE_MODULES = YES;
				CLANG_ENABLE_OBJC_ARC = YES;
				CLANG_WARN_BOOL_CONVERSION = YES;
				CLANG_WARN_CONSTANT_CONVERSION = YES;
				CLANG_WARN_DIRECT_OBJC_ISA_USAGE = YES_ERROR;
				CLANG_WARN_DOCUMENTATION_COMMENTS = YES;
				CLANG_WARN_EMPTY_BODY = YES;
				CLANG_WARN_ENUM_CONVERSION = YES;
				CLANG_WARN_INFINITE_RECURSION = YES;
				CLANG_WARN_INT_CONVERSION = YES;
				CLANG_WARN_OBJC_ROOT_CLASS = YES_ERROR;
				CLANG_WARN_SUSPICIOUS_MOVE = YES;
				CLANG_WARN_SUSPICIOUS_MOVES = YES;
				CLANG_WARN_UNREACHABLE_CODE = YES;
				CLANG_WARN__DUPLICATE_METHOD_MATCH = YES;
				"CODE_SIGN_IDENTITY[sdk=iphoneos*]" = "iPhone Developer";
				COPY_PHASE_STRIP = NO;
				DEBUG_INFORMATION_FORMAT = dwarf;
				ENABLE_STRICT_OBJC_MSGSEND = YES;
				ENABLE_TESTABILITY = YES;
				GCC_C_LANGUAGE_STANDARD = gnu99;
				GCC_DYNAMIC_NO_PIC = NO;
				GCC_NO_COMMON_BLOCKS = YES;
				GCC_OPTIMIZATION_LEVEL = 0;
				GCC_PREPROCESSOR_DEFINITIONS = (
					"DEBUG=1",
					"$(inherited)",
				);
				GCC_WARN_64_TO_32_BIT_CONVERSION = YES;
				GCC_WARN_ABOUT_RETURN_TYPE = YES_ERROR;
				GCC_WARN_UNDECLARED_SELECTOR = YES;
				GCC_WARN_UNINITIALIZED_AUTOS = YES_AGGRESSIVE;
				GCC_WARN_UNUSED_FUNCTION = YES;
				GCC_WARN_UNUSED_VARIABLE = YES;
				IPHONEOS_DEPLOYMENT_TARGET = 10.0;
				MTL_ENABLE_DEBUG_INFO = YES;
				ONLY_ACTIVE_ARCH = YES;
				SDKROOT = iphoneos;
				SWIFT_ACTIVE_COMPILATION_CONDITIONS = DEBUG;
				SWIFT_OPTIMIZATION_LEVEL = "-Onone";
				TARGETED_DEVICE_FAMILY = "1,2";
			};
			name = Debug;
		};
		BFA590EA1DAB5C3000D1A280 /* Release */ = {
			isa = XCBuildConfiguration;
			buildSettings = {
				ALWAYS_SEARCH_USER_PATHS = NO;
				CLANG_ANALYZER_NONNULL = YES;
				CLANG_CXX_LANGUAGE_STANDARD = "gnu++0x";
				CLANG_CXX_LIBRARY = "libc++";
				CLANG_ENABLE_MODULES = YES;
				CLANG_ENABLE_OBJC_ARC = YES;
				CLANG_WARN_BOOL_CONVERSION = YES;
				CLANG_WARN_CONSTANT_CONVERSION = YES;
				CLANG_WARN_DIRECT_OBJC_ISA_USAGE = YES_ERROR;
				CLANG_WARN_DOCUMENTATION_COMMENTS = YES;
				CLANG_WARN_EMPTY_BODY = YES;
				CLANG_WARN_ENUM_CONVERSION = YES;
				CLANG_WARN_INFINITE_RECURSION = YES;
				CLANG_WARN_INT_CONVERSION = YES;
				CLANG_WARN_OBJC_ROOT_CLASS = YES_ERROR;
				CLANG_WARN_SUSPICIOUS_MOVE = YES;
				CLANG_WARN_SUSPICIOUS_MOVES = YES;
				CLANG_WARN_UNREACHABLE_CODE = YES;
				CLANG_WARN__DUPLICATE_METHOD_MATCH = YES;
				"CODE_SIGN_IDENTITY[sdk=iphoneos*]" = "iPhone Developer";
				COPY_PHASE_STRIP = NO;
				DEBUG_INFORMATION_FORMAT = "dwarf-with-dsym";
				ENABLE_NS_ASSERTIONS = NO;
				ENABLE_STRICT_OBJC_MSGSEND = YES;
				GCC_C_LANGUAGE_STANDARD = gnu99;
				GCC_NO_COMMON_BLOCKS = YES;
				GCC_WARN_64_TO_32_BIT_CONVERSION = YES;
				GCC_WARN_ABOUT_RETURN_TYPE = YES_ERROR;
				GCC_WARN_UNDECLARED_SELECTOR = YES;
				GCC_WARN_UNINITIALIZED_AUTOS = YES_AGGRESSIVE;
				GCC_WARN_UNUSED_FUNCTION = YES;
				GCC_WARN_UNUSED_VARIABLE = YES;
				IPHONEOS_DEPLOYMENT_TARGET = 10.0;
				MTL_ENABLE_DEBUG_INFO = NO;
				SDKROOT = iphoneos;
				SWIFT_OPTIMIZATION_LEVEL = "-Owholemodule";
				TARGETED_DEVICE_FAMILY = "1,2";
				VALIDATE_PRODUCT = YES;
			};
			name = Release;
		};
		BFA590EC1DAB5C3000D1A280 /* Debug */ = {
			isa = XCBuildConfiguration;
			baseConfigurationReference = 243E293776C4600F59FD4DEE /* Pods-Tumblr.debug.xcconfig */;
			buildSettings = {
				ASSETCATALOG_COMPILER_APPICON_NAME = AppIcon;
				DEVELOPMENT_TEAM = JC68KFVHSJ;
				INFOPLIST_FILE = Tumblr/Info.plist;
				LD_RUNPATH_SEARCH_PATHS = "$(inherited) @executable_path/Frameworks";
				PRODUCT_BUNDLE_IDENTIFIER = Louis.Tumblr;
				PRODUCT_NAME = "$(TARGET_NAME)";
				SWIFT_VERSION = 3.0;
			};
			name = Debug;
		};
		BFA590ED1DAB5C3000D1A280 /* Release */ = {
			isa = XCBuildConfiguration;
			baseConfigurationReference = C2ADF5125768C3F2B5C223F4 /* Pods-Tumblr.release.xcconfig */;
			buildSettings = {
				ASSETCATALOG_COMPILER_APPICON_NAME = AppIcon;
				DEVELOPMENT_TEAM = JC68KFVHSJ;
				INFOPLIST_FILE = Tumblr/Info.plist;
				LD_RUNPATH_SEARCH_PATHS = "$(inherited) @executable_path/Frameworks";
				PRODUCT_BUNDLE_IDENTIFIER = Louis.Tumblr;
				PRODUCT_NAME = "$(TARGET_NAME)";
				SWIFT_VERSION = 3.0;
			};
			name = Release;
		};
/* End XCBuildConfiguration section */

/* Begin XCConfigurationList section */
		BFA590D41DAB5C3000D1A280 /* Build configuration list for PBXProject "Tumblr" */ = {
			isa = XCConfigurationList;
			buildConfigurations = (
				BFA590E91DAB5C3000D1A280 /* Debug */,
				BFA590EA1DAB5C3000D1A280 /* Release */,
			);
			defaultConfigurationIsVisible = 0;
			defaultConfigurationName = Release;
		};
		BFA590EB1DAB5C3000D1A280 /* Build configuration list for PBXNativeTarget "Tumblr" */ = {
			isa = XCConfigurationList;
			buildConfigurations = (
				BFA590EC1DAB5C3000D1A280 /* Debug */,
				BFA590ED1DAB5C3000D1A280 /* Release */,
			);
			defaultConfigurationIsVisible = 0;
			defaultConfigurationName = Release;
		};
/* End XCConfigurationList section */
	};
	rootObject = BFA590D11DAB5C3000D1A280 /* Project object */;
}
